{
  "originHash" : "72e32619be79931033f763da3c0ff370e55ee5e9289390b864d5862ae8dfbbe9",
  "pins" : [
    {
      "identity" : "acorn",
      "kind" : "remoteSourceControl",
      "location" : "https://github.com/treehauslabs/Acorn.git",
      "state" : {
        "revision" : "bf32b99dbff973acea1c38135db88d850db4e611",
        "version" : "1.1.0"
      }
    },
    {
      "identity" : "swift-asn1",
      "kind" : "remoteSourceControl",
      "location" : "https://github.com/apple/swift-asn1.git",
      "state" : {
        "revision" : "9f542610331815e29cc3821d3b6f488db8715517",
        "version" : "1.6.0"
      }
    },
    {
      "identity" : "swift-crypto",
      "kind" : "remoteSourceControl",
      "location" : "https://github.com/apple/swift-crypto.git",
      "state" : {
        "revision" : "95ba0316a9b733e92bb6b071255ff46263bbe7dc",
        "version" : "3.15.1"
      }
    }
  ],
  "version" : 3
}
